
Microsoft Visual Studio Solution File, Format Version 12.00
# Visual Studio 15
VisualStudioVersion = 15.0.28307.572
MinimumVisualStudioVersion = 10.0.40219.1
Project("{FAE04EC0-301F-11D3-BF4B-00C04F79EFBC}") = "WebAppDemo", "WebAppDemo\WebAppDemo.csproj", "{A2ED71AC-51D4-4068-B25E-7E9F3C0D6954}"
EndProject
Project("{FAE04EC0-301F-11D3-BF4B-00C04F79EFBC}") = "ApiDemo", "ApiDemo\ApiDemo.csproj", "{7AB85F46-3EF9-40D7-9BBE-BD9871608640}"
EndProject
Global
	GlobalSection(SolutionConfigurationPlatforms) = preSolution
		Debug|Any CPU = Debug|Any CPU
		Release|Any CPU = Release|Any CPU
	EndGlobalSection
	GlobalSection(ProjectConfigurationPlatforms) = postSolution
		{A2ED71AC-51D4-4068-B25E-7E9F3C0D6954}.Debug|Any CPU.ActiveCfg = Debug|Any CPU
		{A2ED71AC-51D4-4068-B25E-7E9F3C0D6954}.Debug|Any CPU.Build.0 = Debug|Any CPU
		{A2ED71AC-51D4-4068-B25E-7E9F3C0D6954}.Release|Any CPU.ActiveCfg = Release|Any CPU
		{A2ED71AC-51D4-4068-B25E-7E9F3C0D6954}.Release|Any CPU.Build.0 = Release|Any CPU
		{7AB85F46-3EF9-40D7-9BBE-BD9871608640}.Debug|Any CPU.ActiveCfg = Debug|Any CPU
		{7AB85F46-3EF9-40D7-9BBE-BD9871608640}.Debug|Any CPU.Build.0 = Debug|Any CPU
		{7AB85F46-3EF9-40D7-9BBE-BD9871608640}.Release|Any CPU.ActiveCfg = Release|Any CPU
		{7AB85F46-3EF9-40D7-9BBE-BD9871608640}.Release|Any CPU.Build.0 = Release|Any CPU
	EndGlobalSection
	GlobalSection(SolutionProperties) = preSolution
		HideSolutionNode = FALSE
	EndGlobalSection
	GlobalSection(ExtensibilityGlobals) = postSolution
		SolutionGuid = {46AF124E-F724-4BBF-B291-ECA316DCE985}
	EndGlobalSection
EndGlobal
